
Microsoft Visual Studio Solution File, Format Version 12.00
# Visual Studio Version 17
VisualStudioVersion = 17.9.34622.214
MinimumVisualStudioVersion = 10.0.40219.1
Project("{FAE04EC0-301F-11D3-BF4B-00C04F79EFBC}") = "ApiRelaci0namentos", "ApiRelaci0namentos\ApiRelaci0namentos.csproj", "{7C8B211E-1819-4075-B000-686809C942A1}"
EndProject
Project("{FAE04EC0-301F-11D3-BF4B-00C04F79EFBC}") = "ApiRelacionamentos.Domain", "ApiRelacionamentos.Domain\ApiRelacionamentos.Domain.csproj", "{95E066DB-D4A1-4220-BB29-69E74725307C}"
EndProject
Project("{FAE04EC0-301F-11D3-BF4B-00C04F79EFBC}") = "ApiRelacionamentos.Repository", "ApiRelacionamentos.Repository\ApiRelacionamentos.Repository.csproj", "{165FEAE2-FA17-41A7-A04A-C03CCDD31E1A}"
EndProject
Global
	GlobalSection(SolutionConfigurationPlatforms) = preSolution
		Debug|Any CPU = Debug|Any CPU
		Release|Any CPU = Release|Any CPU
	EndGlobalSection
	GlobalSection(ProjectConfigurationPlatforms) = postSolution
		{7C8B211E-1819-4075-B000-686809C942A1}.Debug|Any CPU.ActiveCfg = Debug|Any CPU
		{7C8B211E-1819-4075-B000-686809C942A1}.Debug|Any CPU.Build.0 = Debug|Any CPU
		{7C8B211E-1819-4075-B000-686809C942A1}.Release|Any CPU.ActiveCfg = Release|Any CPU
		{7C8B211E-1819-4075-B000-686809C942A1}.Release|Any CPU.Build.0 = Release|Any CPU
		{95E066DB-D4A1-4220-BB29-69E74725307C}.Debug|Any CPU.ActiveCfg = Debug|Any CPU
		{95E066DB-D4A1-4220-BB29-69E74725307C}.Debug|Any CPU.Build.0 = Debug|Any CPU
		{95E066DB-D4A1-4220-BB29-69E74725307C}.Release|Any CPU.ActiveCfg = Release|Any CPU
		{95E066DB-D4A1-4220-BB29-69E74725307C}.Release|Any CPU.Build.0 = Release|Any CPU
		{165FEAE2-FA17-41A7-A04A-C03CCDD31E1A}.Debug|Any CPU.ActiveCfg = Debug|Any CPU
		{165FEAE2-FA17-41A7-A04A-C03CCDD31E1A}.Debug|Any CPU.Build.0 = Debug|Any CPU
		{165FEAE2-FA17-41A7-A04A-C03CCDD31E1A}.Release|Any CPU.ActiveCfg = Release|Any CPU
		{165FEAE2-FA17-41A7-A04A-C03CCDD31E1A}.Release|Any CPU.Build.0 = Release|Any CPU
	EndGlobalSection
	GlobalSection(SolutionProperties) = preSolution
		HideSolutionNode = FALSE
	EndGlobalSection
	GlobalSection(ExtensibilityGlobals) = postSolution
		SolutionGuid = {7125552F-AFFA-46CD-B0D5-CBA0644B1E83}
	EndGlobalSection
EndGlobal
